Microsoft Visual Studio Solution File, Format Version 12.00
# Visual Studio 2012
VisualStudioVersion = 14.0.23107.0
MinimumVisualStudioVersion = 10.0.40219.1
Project("{FAE04EC0-301F-11D3-BF4B-00C04F79EFBC}") = "vCardLib", "vCardLib\vCardLib.csproj", "{1C234BC6-282E-455F-A46F-A472575DAECE}"
EndProject
Project("{FAE04EC0-301F-11D3-BF4B-00C04F79EFBC}") = "vCardLib.Tests", "vCardLib.Tests\vCardLib.Tests.csproj", "{34B428BD-CF5B-4034-AC3A-36CEB98B7306}"
EndProject
Global
	GlobalSection(SolutionConfigurationPlatforms) = preSolution
		Debug|Any CPU = Debug|Any CPU
		Release|Any CPU = Release|Any CPU
	EndGlobalSection
	GlobalSection(ProjectConfigurationPlatforms) = postSolution
		{1C234BC6-282E-455F-A46F-A472575DAECE}.Debug|Any CPU.ActiveCfg = Debug|Any CPU
		{1C234BC6-282E-455F-A46F-A472575DAECE}.Debug|Any CPU.Build.0 = Debug|Any CPU
		{1C234BC6-282E-455F-A46F-A472575DAECE}.Release|Any CPU.ActiveCfg = Release|Any CPU
		{1C234BC6-282E-455F-A46F-A472575DAECE}.Release|Any CPU.Build.0 = Release|Any CPU
		{34B428BD-CF5B-4034-AC3A-36CEB98B7306}.Debug|Any CPU.ActiveCfg = Debug|Any CPU
		{34B428BD-CF5B-4034-AC3A-36CEB98B7306}.Debug|Any CPU.Build.0 = Debug|Any CPU
		{34B428BD-CF5B-4034-AC3A-36CEB98B7306}.Release|Any CPU.ActiveCfg = Release|Any CPU
		{34B428BD-CF5B-4034-AC3A-36CEB98B7306}.Release|Any CPU.Build.0 = Release|Any CPU
	EndGlobalSection
	GlobalSection(MonoDevelopProperties) = preSolution
		Policies = $0
		$0.DotNetNamingPolicy = $1
		$1.DirectoryNamespaceAssociation = None
		$1.ResourceNamePolicy = FileFormatDefault
	EndGlobalSection
	GlobalSection(SolutionProperties) = preSolution
		HideSolutionNode = FALSE
	EndGlobalSection
EndGlobal
